
Microsoft Visual Studio Solution File, Format Version 12.00
# Visual Studio Version 17
VisualStudioVersion = 17.11.35312.102
MinimumVisualStudioVersion = 10.0.40219.1
Project("{FAE04EC0-301F-11D3-BF4B-00C04F79EFBC}") = "PROJECT FINAL VISPRO", "PROJECT FINAL VISPRO\PROJECT FINAL VISPRO.csproj", "{BE4A433B-1CE0-4F8B-A545-B0123504C056}"
EndProject
Global
	GlobalSection(SolutionConfigurationPlatforms) = preSolution
		Debug|Any CPU = Debug|Any CPU
		Release|Any CPU = Release|Any CPU
	EndGlobalSection
	GlobalSection(ProjectConfigurationPlatforms) = postSolution
		{BE4A433B-1CE0-4F8B-A545-B0123504C056}.Debug|Any CPU.ActiveCfg = Debug|Any CPU
		{BE4A433B-1CE0-4F8B-A545-B0123504C056}.Debug|Any CPU.Build.0 = Debug|Any CPU
		{BE4A433B-1CE0-4F8B-A545-B0123504C056}.Release|Any CPU.ActiveCfg = Release|Any CPU
		{BE4A433B-1CE0-4F8B-A545-B0123504C056}.Release|Any CPU.Build.0 = Release|Any CPU
	EndGlobalSection
	GlobalSection(SolutionProperties) = preSolution
		HideSolutionNode = FALSE
	EndGlobalSection
	GlobalSection(ExtensibilityGlobals) = postSolution
		SolutionGuid = {64C648E5-D7AB-428C-BEC7-9FFF62B9E87A}
	EndGlobalSection
EndGlobal
